// !$*UTF8*$!
{
	archiveVersion = 1;
	classes = {
	};
	objectVersion = 46;
	objects = {

/* Begin PBXBuildFile section */
		C52188F420D6A27200C9EFA3 /* Window_ShopperTests.swift in Sources */ = {isa = PBXBuildFile; fileRef = C52188F320D6A27200C9EFA3 /* Window_ShopperTests.swift */; };
		C52188FE20D6A2B600C9EFA3 /* Wage.swift in Sources */ = {isa = PBXBuildFile; fileRef = C52188FD20D6A2B600C9EFA3 /* Wage.swift */; };
		C52188FF20D6A39800C9EFA3 /* Wage.swift in Sources */ = {isa = PBXBuildFile; fileRef = C52188FD20D6A2B600C9EFA3 /* Wage.swift */; };
		C528145820D64A6C005E13EA /* AppDelegate.swift in Sources */ = {isa = PBXBuildFile; fileRef = C528145720D64A6C005E13EA /* AppDelegate.swift */; };
		C528145A20D64A6C005E13EA /* MainVC.swift in Sources */ = {isa = PBXBuildFile; fileRef = C528145920D64A6C005E13EA /* MainVC.swift */; };
		C528145D20D64A6C005E13EA /* Main.storyboard in Resources */ = {isa = PBXBuildFile; fileRef = C528145B20D64A6C005E13EA /* Main.storyboard */; };
		C528145F20D64A6C005E13EA /* Assets.xcassets in Resources */ = {isa = PBXBuildFile; fileRef = C528145E20D64A6C005E13EA /* Assets.xcassets */; };
		C528146220D64A6C005E13EA /* LaunchScreen.storyboard in Resources */ = {isa = PBXBuildFile; fileRef = C528146020D64A6C005E13EA /* LaunchScreen.storyboard */; };
		C528146C20D64EEA005E13EA /* CurrencyTextField.swift in Sources */ = {isa = PBXBuildFile; fileRef = C528146B20D64EEA005E13EA /* CurrencyTextField.swift */; };
/* End PBXBuildFile section */

/* Begin PBXContainerItemProxy section */
		C52188F620D6A27200C9EFA3 /* PBXContainerItemProxy */ = {
			isa = PBXContainerItemProxy;
			containerPortal = C528144C20D64A6C005E13EA /* Project object */;
			proxyType = 1;
			remoteGlobalIDString = C528145320D64A6C005E13EA;
			remoteInfo = "Window-Shopper";
		};
/* End PBXContainerItemProxy section */

/* Begin PBXFileReference section */
		C52188F120D6A27200C9EFA3 /* Window-ShopperTests.xctest */ = {isa = PBXFileReference; explicitFileType = wrapper.cfbundle; includeInIndex = 0; path = "Window-ShopperTests.xctest"; sourceTree = BUILT_PRODUCTS_DIR; };
		C52188F320D6A27200C9EFA3 /* Window_ShopperTests.swift */ = {isa = PBXFileReference; lastKnownFileType = sourcecode.swift; path = Window_ShopperTests.swift; sourceTree = "<group>"; };
		C52188F520D6A27200C9EFA3 /* Info.plist */ = {isa = PBXFileReference; lastKnownFileType = text.plist.xml; path = Info.plist; sourceTree = "<group>"; };
		C52188FD20D6A2B600C9EFA3 /* Wage.swift */ = {isa = PBXFileReference; fileEncoding = 4; lastKnownFileType = sourcecode.swift; path = Wage.swift; sourceTree = "<group>"; };
		C528145420D64A6C005E13EA /* Window-Shopper.app */ = {isa = PBXFileReference; explicitFileType = wrapper.application; includeInIndex = 0; path = "Window-Shopper.app"; sourceTree = BUILT_PRODUCTS_DIR; };
		C528145720D64A6C005E13EA /* AppDelegate.swift */ = {isa = PBXFileReference; lastKnownFileType = sourcecode.swift; path = AppDelegate.swift; sourceTree = "<group>"; };
		C528145920D64A6C005E13EA /* MainVC.swift */ = {isa = PBXFileReference; lastKnownFileType = sourcecode.swift; path = MainVC.swift; sourceTree = "<group>"; };
		C528145C20D64A6C005E13EA /* Base */ = {isa = PBXFileReference; lastKnownFileType = file.storyboard; name = Base; path = Base.lproj/Main.storyboard; sourceTree = "<group>"; };
		C528145E20D64A6C005E13EA /* Assets.xcassets */ = {isa = PBXFileReference; lastKnownFileType = folder.assetcatalog; path = Assets.xcassets; sourceTree = "<group>"; };
		C528146120D64A6C005E13EA /* Base */ = {isa = PBXFileReference; lastKnownFileType = file.storyboard; name = Base; path = Base.lproj/LaunchScreen.storyboard; sourceTree = "<group>"; };
		C528146320D64A6C005E13EA /* Info.plist */ = {isa = PBXFileReference; lastKnownFileType = text.plist.xml; path = Info.plist; sourceTree = "<group>"; };
		C528146B20D64EEA005E13EA /* CurrencyTextField.swift */ = {isa = PBXFileReference; fileEncoding = 4; lastKnownFileType = sourcecode.swift; path = CurrencyTextField.swift; sourceTree = "<group>"; };
/* End PBXFileReference section */

/* Begin PBXFrameworksBuildPhase section */
		C52188EE20D6A27200C9EFA3 /* Frameworks */ = {
			isa = PBXFrameworksBuildPhase;
			buildActionMask = 2147483647;
			files = (
			);
			runOnlyForDeploymentPostprocessing = 0;
		};
		C528145120D64A6C005E13EA /* Frameworks */ = {
			isa = PBXFrameworksBuildPhase;
			buildActionMask = 2147483647;
			files = (
			);
			runOnlyForDeploymentPostprocessing = 0;
		};
/* End PBXFrameworksBuildPhase section */

/* Begin PBXGroup section */
		C52188F220D6A27200C9EFA3 /* Window-ShopperTests */ = {
			isa = PBXGroup;
			children = (
				C52188F320D6A27200C9EFA3 /* Window_ShopperTests.swift */,
				C52188F520D6A27200C9EFA3 /* Info.plist */,
			);
			path = "Window-ShopperTests";
			sourceTree = "<group>";
		};
		C52188FB20D6A27B00C9EFA3 /* Model */ = {
			isa = PBXGroup;
			children = (
				C52188FD20D6A2B600C9EFA3 /* Wage.swift */,
			);
			name = Model;
			sourceTree = "<group>";
		};
		C528144B20D64A6C005E13EA = {
			isa = PBXGroup;
			children = (
				C528145620D64A6C005E13EA /* Window-Shopper */,
				C52188F220D6A27200C9EFA3 /* Window-ShopperTests */,
				C528145520D64A6C005E13EA /* Products */,
			);
			sourceTree = "<group>";
		};
		C528145520D64A6C005E13EA /* Products */ = {
			isa = PBXGroup;
			children = (
				C528145420D64A6C005E13EA /* Window-Shopper.app */,
				C52188F120D6A27200C9EFA3 /* Window-ShopperTests.xctest */,
			);
			name = Products;
			sourceTree = "<group>";
		};
		C528145620D64A6C005E13EA /* Window-Shopper */ = {
			isa = PBXGroup;
			children = (
				C52188FB20D6A27B00C9EFA3 /* Model */,
				C528146A20D64E9E005E13EA /* Views */,
				C528146920D64C92005E13EA /* Controller */,
				C528145720D64A6C005E13EA /* AppDelegate.swift */,
				C528145B20D64A6C005E13EA /* Main.storyboard */,
				C528145E20D64A6C005E13EA /* Assets.xcassets */,
				C528146020D64A6C005E13EA /* LaunchScreen.storyboard */,
				C528146320D64A6C005E13EA /* Info.plist */,
			);
			path = "Window-Shopper";
			sourceTree = "<group>";
		};
		C528146920D64C92005E13EA /* Controller */ = {
			isa = PBXGroup;
			children = (
				C528145920D64A6C005E13EA /* MainVC.swift */,
			);
			name = Controller;
			sourceTree = "<group>";
		};
		C528146A20D64E9E005E13EA /* Views */ = {
			isa = PBXGroup;
			children = (
				C528146B20D64EEA005E13EA /* CurrencyTextField.swift */,
			);
			name = Views;
			sourceTree = "<group>";
		};
/* End PBXGroup section */

/* Begin PBXNativeTarget section */
		C52188F020D6A27200C9EFA3 /* Window-ShopperTests */ = {
			isa = PBXNativeTarget;
			buildConfigurationList = C52188FA20D6A27200C9EFA3 /* Build configuration list for PBXNativeTarget "Window-ShopperTests" */;
			buildPhases = (
				C52188ED20D6A27200C9EFA3 /* Sources */,
				C52188EE20D6A27200C9EFA3 /* Frameworks */,
				C52188EF20D6A27200C9EFA3 /* Resources */,
			);
			buildRules = (
			);
			dependencies = (
				C52188F720D6A27200C9EFA3 /* PBXTargetDependency */,
			);
			name = "Window-ShopperTests";
			productName = "Window-ShopperTests";
			productReference = C52188F120D6A27200C9EFA3 /* Window-ShopperTests.xctest */;
			productType = "com.apple.product-type.bundle.unit-test";
		};
		C528145320D64A6C005E13EA /* Window-Shopper */ = {
			isa = PBXNativeTarget;
			buildConfigurationList = C528146620D64A6C005E13EA /* Build configuration list for PBXNativeTarget "Window-Shopper" */;
			buildPhases = (
				C528145020D64A6C005E13EA /* Sources */,
				C528145120D64A6C005E13EA /* Frameworks */,
				C528145220D64A6C005E13EA /* Resources */,
			);
			buildRules = (
			);
			dependencies = (
			);
			name = "Window-Shopper";
			productName = "Window-Shopper";
			productReference = C528145420D64A6C005E13EA /* Window-Shopper.app */;
			productType = "com.apple.product-type.application";
		};
/* End PBXNativeTarget section */

/* Begin PBXProject section */
		C528144C20D64A6C005E13EA /* Project object */ = {
			isa = PBXProject;
			attributes = {
				LastSwiftUpdateCheck = 0830;
				LastUpgradeCheck = 0830;
				ORGANIZATIONNAME = "Parth Lamba";
				TargetAttributes = {
					C52188F020D6A27200C9EFA3 = {
						CreatedOnToolsVersion = 8.3.3;
						DevelopmentTeam = KAF555H8BH;
						ProvisioningStyle = Automatic;
						TestTargetID = C528145320D64A6C005E13EA;
					};
					C528145320D64A6C005E13EA = {
						CreatedOnToolsVersion = 8.3.3;
						DevelopmentTeam = KAF555H8BH;
						ProvisioningStyle = Automatic;
					};
				};
			};
			buildConfigurationList = C528144F20D64A6C005E13EA /* Build configuration list for PBXProject "Window-Shopper" */;
			compatibilityVersion = "Xcode 3.2";
			developmentRegion = English;
			hasScannedForEncodings = 0;
			knownRegions = (
				en,
				Base,
			);
			mainGroup = C528144B20D64A6C005E13EA;
			productRefGroup = C528145520D64A6C005E13EA /* Products */;
			projectDirPath = "";
			projectRoot = "";
			targets = (
				C528145320D64A6C005E13EA /* Window-Shopper */,
				C52188F020D6A27200C9EFA3 /* Window-ShopperTests */,
			);
		};
/* End PBXProject section */

/* Begin PBXResourcesBuildPhase section */
		C52188EF20D6A27200C9EFA3 /* Resources */ = {
			isa = PBXResourcesBuildPhase;
			buildActionMask = 2147483647;
			files = (
			);
			runOnlyForDeploymentPostprocessing = 0;
		};
		C528145220D64A6C005E13EA /* Resources */ = {
			isa = PBXResourcesBuildPhase;
			buildActionMask = 2147483647;
			files = (
				C528146220D64A6C005E13EA /* LaunchScreen.storyboard in Resources */,
				C528145F20D64A6C005E13EA /* Assets.xcassets in Resources */,
				C528145D20D64A6C005E13EA /* Main.storyboard in Resources */,
			);
			runOnlyForDeploymentPostprocessing = 0;
		};
/* End PBXResourcesBuildPhase section */

/* Begin PBXSourcesBuildPhase section */
		C52188ED20D6A27200C9EFA3 /* Sources */ = {
			isa = PBXSourcesBuildPhase;
			buildActionMask = 2147483647;
			files = (
				C52188F420D6A27200C9EFA3 /* Window_ShopperTests.swift in Sources */,
				C52188FF20D6A39800C9EFA3 /* Wage.swift in Sources */,
			);
			runOnlyForDeploymentPostprocessing = 0;
		};
		C528145020D64A6C005E13EA /* Sources */ = {
			isa = PBXSourcesBuildPhase;
			buildActionMask = 2147483647;
			files = (
				C528146C20D64EEA005E13EA /* CurrencyTextField.swift in Sources */,
				C52188FE20D6A2B600C9EFA3 /* Wage.swift in Sources */,
				C528145A20D64A6C005E13EA /* MainVC.swift in Sources */,
				C528145820D64A6C005E13EA /* AppDelegate.swift in Sources */,
			);
			runOnlyForDeploymentPostprocessing = 0;
		};
/* End PBXSourcesBuildPhase section */

/* Begin PBXTargetDependency section */
		C52188F720D6A27200C9EFA3 /* PBXTargetDependency */ = {
			isa = PBXTargetDependency;
			target = C528145320D64A6C005E13EA /* Window-Shopper */;
			targetProxy = C52188F620D6A27200C9EFA3 /* PBXContainerItemProxy */;
		};
/* End PBXTargetDependency section */

/* Begin PBXVariantGroup section */
		C528145B20D64A6C005E13EA /* Main.storyboard */ = {
			isa = PBXVariantGroup;
			children = (
				C528145C20D64A6C005E13EA /* Base */,
			);
			name = Main.storyboard;
			sourceTree = "<group>";
		};
		C528146020D64A6C005E13EA /* LaunchScreen.storyboard */ = {
			isa = PBXVariantGroup;
			children = (
				C528146120D64A6C005E13EA /* Base */,
			);
			name = LaunchScreen.storyboard;
			sourceTree = "<group>";
		};
/* End PBXVariantGroup section */

/* Begin XCBuildConfiguration section */
		C52188F820D6A27200C9EFA3 /* Debug */ = {
			isa = XCBuildConfiguration;
			buildSettings = {
				BUNDLE_LOADER = "$(TEST_HOST)";
				DEVELOPMENT_TEAM = KAF555H8BH;
				INFOPLIST_FILE = "Window-ShopperTests/Info.plist";
				LD_RUNPATH_SEARCH_PATHS = "$(inherited) @executable_path/Frameworks @loader_path/Frameworks";
				PRODUCT_BUNDLE_IDENTIFIER = "com.lambaParth.Window-ShopperTests";
				PRODUCT_NAME = "$(TARGET_NAME)";
				SWIFT_VERSION = 3.0;
				TEST_HOST = "$(BUILT_PRODUCTS_DIR)/Window-Shopper.app/Window-Shopper";
			};
			name = Debug;
		};
		C52188F920D6A27200C9EFA3 /* Release */ = {
			isa = XCBuildConfiguration;
			buildSettings = {
				BUNDLE_LOADER = "$(TEST_HOST)";
				DEVELOPMENT_TEAM = KAF555H8BH;
				INFOPLIST_FILE = "Window-ShopperTests/Info.plist";
				LD_RUNPATH_SEARCH_PATHS = "$(inherited) @executable_path/Frameworks @loader_path/Frameworks";
				PRODUCT_BUNDLE_IDENTIFIER = "com.lambaParth.Window-ShopperTests";
				PRODUCT_NAME = "$(TARGET_NAME)";
				SWIFT_VERSION = 3.0;
				TEST_HOST = "$(BUILT_PRODUCTS_DIR)/Window-Shopper.app/Window-Shopper";
			};
			name = Release;
		};
		C528146420D64A6C005E13EA /* Debug */ = {
			isa = XCBuildConfiguration;
			buildSettings = {
				ALWAYS_SEARCH_USER_PATHS = NO;
				CLANG_ANALYZER_NONNULL = YES;
				CLANG_ANALYZER_NUMBER_OBJECT_CONVERSION = YES_AGGRESSIVE;
				CLANG_CXX_LANGUAGE_STANDARD = "gnu++0x";
				CLANG_CXX_LIBRARY = "libc++";
				CLANG_ENABLE_MODULES = YES;
				CLANG_ENABLE_OBJC_ARC = YES;
				CLANG_WARN_BOOL_CONVERSION = YES;
				CLANG_WARN_CONSTANT_CONVERSION = YES;
				CLANG_WARN_DIRECT_OBJC_ISA_USAGE = YES_ERROR;
				CLANG_WARN_DOCUMENTATION_COMMENTS = YES;
				CLANG_WARN_EMPTY_BODY = YES;
				CLANG_WARN_ENUM_CONVERSION = YES;
				CLANG_WARN_INFINITE_RECURSION = YES;
				CLANG_WARN_INT_CONVERSION = YES;
				CLANG_WARN_OBJC_ROOT_CLASS = YES_ERROR;
				CLANG_WARN_SUSPICIOUS_MOVE = YES;
				CLANG_WARN_UNREACHABLE_CODE = YES;
				CLANG_WARN__DUPLICATE_METHOD_MATCH = YES;
				"CODE_SIGN_IDENTITY[sdk=iphoneos*]" = "iPhone Developer";
				COPY_PHASE_STRIP = NO;
				DEBUG_INFORMATION_FORMAT = dwarf;
				ENABLE_STRICT_OBJC_MSGSEND = YES;
				ENABLE_TESTABILITY = YES;
				GCC_C_LANGUAGE_STANDARD = gnu99;
				GCC_DYNAMIC_NO_PIC = NO;
				GCC_NO_COMMON_BLOCKS = YES;
				GCC_OPTIMIZATION_LEVEL = 0;
				GCC_PREPROCESSOR_DEFINITIONS = (
					"DEBUG=1",
					"$(inherited)",
				);
				GCC_WARN_64_TO_32_BIT_CONVERSION = YES;
				GCC_WARN_ABOUT_RETURN_TYPE = YES_ERROR;
				GCC_WARN_UNDECLARED_SELECTOR = YES;
				GCC_WARN_UNINITIALIZED_AUTOS = YES_AGGRESSIVE;
				GCC_WARN_UNUSED_FUNCTION = YES;
				GCC_WARN_UNUSED_VARIABLE = YES;
				IPHONEOS_DEPLOYMENT_TARGET = 10.3;
				MTL_ENABLE_DEBUG_INFO = YES;
				ONLY_ACTIVE_ARCH = YES;
				SDKROOT = iphoneos;
				SWIFT_ACTIVE_COMPILATION_CONDITIONS = DEBUG;
				SWIFT_OPTIMIZATION_LEVEL = "-Onone";
				TARGETED_DEVICE_FAMILY = "1,2";
			};
			name = Debug;
		};
		C528146520D64A6C005E13EA /* Release */ = {
			isa = XCBuildConfiguration;
			buildSettings = {
				ALWAYS_SEARCH_USER_PATHS = NO;
				CLANG_ANALYZER_NONNULL = YES;
				CLANG_ANALYZER_NUMBER_OBJECT_CONVERSION = YES_AGGRESSIVE;
				CLANG_CXX_LANGUAGE_STANDARD = "gnu++0x";
				CLANG_CXX_LIBRARY = "libc++";
				CLANG_ENABLE_MODULES = YES;
				CLANG_ENABLE_OBJC_ARC = YES;
				CLANG_WARN_BOOL_CONVERSION = YES;
				CLANG_WARN_CONSTANT_CONVERSION = YES;
				CLANG_WARN_DIRECT_OBJC_ISA_USAGE = YES_ERROR;
				CLANG_WARN_DOCUMENTATION_COMMENTS = YES;
				CLANG_WARN_EMPTY_BODY = YES;
				CLANG_WARN_ENUM_CONVERSION = YES;
				CLANG_WARN_INFINITE_RECURSION = YES;
				CLANG_WARN_INT_CONVERSION = YES;
				CLANG_WARN_OBJC_ROOT_CLASS = YES_ERROR;
				CLANG_WARN_SUSPICIOUS_MOVE = YES;
				CLANG_WARN_UNREACHABLE_CODE = YES;
				CLANG_WARN__DUPLICATE_METHOD_MATCH = YES;
				"CODE_SIGN_IDENTITY[sdk=iphoneos*]" = "iPhone Developer";
				COPY_PHASE_STRIP = NO;
				DEBUG_INFORMATION_FORMAT = "dwarf-with-dsym";
				ENABLE_NS_ASSERTIONS = NO;
				ENABLE_STRICT_OBJC_MSGSEND = YES;
				GCC_C_LANGUAGE_STANDARD = gnu99;
				GCC_NO_COMMON_BLOCKS = YES;
				GCC_WARN_64_TO_32_BIT_CONVERSION = YES;
				GCC_WARN_ABOUT_RETURN_TYPE = YES_ERROR;
				GCC_WARN_UNDECLARED_SELECTOR = YES;
				GCC_WARN_UNINITIALIZED_AUTOS = YES_AGGRESSIVE;
				GCC_WARN_UNUSED_FUNCTION = YES;
				GCC_WARN_UNUSED_VARIABLE = YES;
				IPHONEOS_DEPLOYMENT_TARGET = 10.3;
				MTL_ENABLE_DEBUG_INFO = NO;
				SDKROOT = iphoneos;
				SWIFT_OPTIMIZATION_LEVEL = "-Owholemodule";
				TARGETED_DEVICE_FAMILY = "1,2";
				VALIDATE_PRODUCT = YES;
			};
			name = Release;
		};
		C528146720D64A6C005E13EA /* Debug */ = {
			isa = XCBuildConfiguration;
			buildSettings = {
				ASSETCATALOG_COMPILER_APPICON_NAME = AppIcon;
				DEVELOPMENT_TEAM = KAF555H8BH;
				INFOPLIST_FILE = "Window-Shopper/Info.plist";
				LD_RUNPATH_SEARCH_PATHS = "$(inherited) @executable_path/Frameworks";
				PRODUCT_BUNDLE_IDENTIFIER = "com.lambaParth.Window-Shopper";
				PRODUCT_NAME = "$(TARGET_NAME)";
				SWIFT_VERSION = 3.0;
			};
			name = Debug;
		};
		C528146820D64A6C005E13EA /* Release */ = {
			isa = XCBuildConfiguration;
			buildSettings = {
				ASSETCATALOG_COMPILER_APPICON_NAME = AppIcon;
				DEVELOPMENT_TEAM = KAF555H8BH;
				INFOPLIST_FILE = "Window-Shopper/Info.plist";
				LD_RUNPATH_SEARCH_PATHS = "$(inherited) @executable_path/Frameworks";
				PRODUCT_BUNDLE_IDENTIFIER = "com.lambaParth.Window-Shopper";
				PRODUCT_NAME = "$(TARGET_NAME)";
				SWIFT_VERSION = 3.0;
			};
			name = Release;
		};
/* End XCBuildConfiguration section */

/* Begin XCConfigurationList section */
		C52188FA20D6A27200C9EFA3 /* Build configuration list for PBXNativeTarget "Window-ShopperTests" */ = {
			isa = XCConfigurationList;
			buildConfigurations = (
				C52188F820D6A27200C9EFA3 /* Debug */,
				C52188F920D6A27200C9EFA3 /* Release */,
			);
			defaultConfigurationIsVisible = 0;
		};
		C528144F20D64A6C005E13EA /* Build configuration list for PBXProject "Window-Shopper" */ = {
			isa = XCConfigurationList;
			buildConfigurations = (
				C528146420D64A6C005E13EA /* Debug */,
				C528146520D64A6C005E13EA /* Release */,
			);
			defaultConfigurationIsVisible = 0;
			defaultConfigurationName = Release;
		};
		C528146620D64A6C005E13EA /* Build configuration list for PBXNativeTarget "Window-Shopper" */ = {
			isa = XCConfigurationList;
			buildConfigurations = (
				C528146720D64A6C005E13EA /* Debug */,
				C528146820D64A6C005E13EA /* Release */,
			);
			defaultConfigurationIsVisible = 0;
			defaultConfigurationName = Release;
		};
/* End XCConfigurationList section */
	};
	rootObject = C528144C20D64A6C005E13EA /* Project object */;
}
